// !$*UTF8*$!
{
	archiveVersion = 1;
	classes = {
	};
	objectVersion = 48;
	objects = {

/* Begin PBXBuildFile section */
		0A29592DA7867EE74EB6D5D5 /* Pods_FireFeed.framework in Frameworks */ = {isa = PBXBuildFile; fileRef = 1C1A6D9D851607FA049FAEA1 /* Pods_FireFeed.framework */; };
		FDA410221FE2953A005CDB8C /* AppDelegate.swift in Sources */ = {isa = PBXBuildFile; fileRef = FDA410211FE2953A005CDB8C /* AppDelegate.swift */; };
		FDA410241FE2953A005CDB8C /* ViewController.swift in Sources */ = {isa = PBXBuildFile; fileRef = FDA410231FE2953A005CDB8C /* ViewController.swift */; };
		FDA410271FE2953A005CDB8C /* Main.storyboard in Resources */ = {isa = PBXBuildFile; fileRef = FDA410251FE2953A005CDB8C /* Main.storyboard */; };
		FDA410291FE2953A005CDB8C /* Assets.xcassets in Resources */ = {isa = PBXBuildFile; fileRef = FDA410281FE2953A005CDB8C /* Assets.xcassets */; };
		FDA4102C1FE2953A005CDB8C /* LaunchScreen.storyboard in Resources */ = {isa = PBXBuildFile; fileRef = FDA4102A1FE2953A005CDB8C /* LaunchScreen.storyboard */; };
		FDA410361FE29B21005CDB8C /* GoogleService-Info.plist in Resources */ = {isa = PBXBuildFile; fileRef = FDA410351FE29B21005CDB8C /* GoogleService-Info.plist */; };
/* End PBXBuildFile section */

/* Begin PBXFileReference section */
		1C1A6D9D851607FA049FAEA1 /* Pods_FireFeed.framework */ = {isa = PBXFileReference; explicitFileType = wrapper.framework; includeInIndex = 0; path = Pods_FireFeed.framework; sourceTree = BUILT_PRODUCTS_DIR; };
		36AE5BB0D089C971E06D6194 /* Pods-FireFeed.release.xcconfig */ = {isa = PBXFileReference; includeInIndex = 1; lastKnownFileType = text.xcconfig; name = "Pods-FireFeed.release.xcconfig"; path = "Pods/Target Support Files/Pods-FireFeed/Pods-FireFeed.release.xcconfig"; sourceTree = "<group>"; };
		BA1619240C14C71887800AED /* Pods-FireFeed.debug.xcconfig */ = {isa = PBXFileReference; includeInIndex = 1; lastKnownFileType = text.xcconfig; name = "Pods-FireFeed.debug.xcconfig"; path = "Pods/Target Support Files/Pods-FireFeed/Pods-FireFeed.debug.xcconfig"; sourceTree = "<group>"; };
		FDA4101E1FE2953A005CDB8C /* FireFeed.app */ = {isa = PBXFileReference; explicitFileType = wrapper.application; includeInIndex = 0; path = FireFeed.app; sourceTree = BUILT_PRODUCTS_DIR; };
		FDA410211FE2953A005CDB8C /* AppDelegate.swift */ = {isa = PBXFileReference; lastKnownFileType = sourcecode.swift; path = AppDelegate.swift; sourceTree = "<group>"; };
		FDA410231FE2953A005CDB8C /* ViewController.swift */ = {isa = PBXFileReference; lastKnownFileType = sourcecode.swift; path = ViewController.swift; sourceTree = "<group>"; };
		FDA410261FE2953A005CDB8C /* Base */ = {isa = PBXFileReference; lastKnownFileType = file.storyboard; name = Base; path = Base.lproj/Main.storyboard; sourceTree = "<group>"; };
		FDA410281FE2953A005CDB8C /* Assets.xcassets */ = {isa = PBXFileReference; lastKnownFileType = folder.assetcatalog; path = Assets.xcassets; sourceTree = "<group>"; };
		FDA4102B1FE2953A005CDB8C /* Base */ = {isa = PBXFileReference; lastKnownFileType = file.storyboard; name = Base; path = Base.lproj/LaunchScreen.storyboard; sourceTree = "<group>"; };
		FDA4102D1FE2953A005CDB8C /* Info.plist */ = {isa = PBXFileReference; lastKnownFileType = text.plist.xml; path = Info.plist; sourceTree = "<group>"; };
		FDA410351FE29B21005CDB8C /* GoogleService-Info.plist */ = {isa = PBXFileReference; fileEncoding = 4; lastKnownFileType = text.plist.xml; path = "GoogleService-Info.plist"; sourceTree = "<group>"; };
/* End PBXFileReference section */

/* Begin PBXFrameworksBuildPhase section */
		FDA4101B1FE2953A005CDB8C /* Frameworks */ = {
			isa = PBXFrameworksBuildPhase;
			buildActionMask = 2147483647;
			files = (
				0A29592DA7867EE74EB6D5D5 /* Pods_FireFeed.framework in Frameworks */,
			);
			runOnlyForDeploymentPostprocessing = 0;
		};
/* End PBXFrameworksBuildPhase section */

/* Begin PBXGroup section */
		140BFF185CE3A14DB116EB16 /* Pods */ = {
			isa = PBXGroup;
			children = (
				BA1619240C14C71887800AED /* Pods-FireFeed.debug.xcconfig */,
				36AE5BB0D089C971E06D6194 /* Pods-FireFeed.release.xcconfig */,
			);
			name = Pods;
			sourceTree = "<group>";
		};
		85796BB6941EF331BB01723A /* Frameworks */ = {
			isa = PBXGroup;
			children = (
				1C1A6D9D851607FA049FAEA1 /* Pods_FireFeed.framework */,
			);
			name = Frameworks;
			sourceTree = "<group>";
		};
		FDA410151FE2953A005CDB8C = {
			isa = PBXGroup;
			children = (
				FDA410201FE2953A005CDB8C /* FireFeed */,
				FDA4101F1FE2953A005CDB8C /* Products */,
				140BFF185CE3A14DB116EB16 /* Pods */,
				85796BB6941EF331BB01723A /* Frameworks */,
			);
			sourceTree = "<group>";
		};
		FDA4101F1FE2953A005CDB8C /* Products */ = {
			isa = PBXGroup;
			children = (
				FDA4101E1FE2953A005CDB8C /* FireFeed.app */,
			);
			name = Products;
			sourceTree = "<group>";
		};
		FDA410201FE2953A005CDB8C /* FireFeed */ = {
			isa = PBXGroup;
			children = (
				FDA410211FE2953A005CDB8C /* AppDelegate.swift */,
				FDA410231FE2953A005CDB8C /* ViewController.swift */,
				FDA410251FE2953A005CDB8C /* Main.storyboard */,
				FDA410281FE2953A005CDB8C /* Assets.xcassets */,
				FDA4102A1FE2953A005CDB8C /* LaunchScreen.storyboard */,
				FDA410351FE29B21005CDB8C /* GoogleService-Info.plist */,
				FDA4102D1FE2953A005CDB8C /* Info.plist */,
			);
			path = FireFeed;
			sourceTree = "<group>";
		};
/* End PBXGroup section */

/* Begin PBXNativeTarget section */
		FDA4101D1FE2953A005CDB8C /* FireFeed */ = {
			isa = PBXNativeTarget;
			buildConfigurationList = FDA410301FE2953A005CDB8C /* Build configuration list for PBXNativeTarget "FireFeed" */;
			buildPhases = (
				1198E07D595CD47F1C64A5DE /* [CP] Check Pods Manifest.lock */,
				FDA4101A1FE2953A005CDB8C /* Sources */,
				FDA4101B1FE2953A005CDB8C /* Frameworks */,
				FDA4101C1FE2953A005CDB8C /* Resources */,
				B61D001EDFE4BDD204481F5C /* [CP] Embed Pods Frameworks */,
				74676CC1E04235C4607EE87B /* [CP] Copy Pods Resources */,
			);
			buildRules = (
			);
			dependencies = (
			);
			name = FireFeed;
			productName = FireFeed;
			productReference = FDA4101E1FE2953A005CDB8C /* FireFeed.app */;
			productType = "com.apple.product-type.application";
		};
/* End PBXNativeTarget section */

/* Begin PBXProject section */
		FDA410161FE2953A005CDB8C /* Project object */ = {
			isa = PBXProject;
			attributes = {
				LastSwiftUpdateCheck = 0910;
				LastUpgradeCheck = 0910;
				ORGANIZATIONNAME = Nui.swift;
				TargetAttributes = {
					FDA4101D1FE2953A005CDB8C = {
						CreatedOnToolsVersion = 9.1;
						ProvisioningStyle = Automatic;
					};
				};
			};
			buildConfigurationList = FDA410191FE2953A005CDB8C /* Build configuration list for PBXProject "FireFeed" */;
			compatibilityVersion = "Xcode 8.0";
			developmentRegion = en;
			hasScannedForEncodings = 0;
			knownRegions = (
				en,
				Base,
			);
			mainGroup = FDA410151FE2953A005CDB8C;
			productRefGroup = FDA4101F1FE2953A005CDB8C /* Products */;
			projectDirPath = "";
			projectRoot = "";
			targets = (
				FDA4101D1FE2953A005CDB8C /* FireFeed */,
			);
		};
/* End PBXProject section */

/* Begin PBXResourcesBuildPhase section */
		FDA4101C1FE2953A005CDB8C /* Resources */ = {
			isa = PBXResourcesBuildPhase;
			buildActionMask = 2147483647;
			files = (
				FDA4102C1FE2953A005CDB8C /* LaunchScreen.storyboard in Resources */,
				FDA410361FE29B21005CDB8C /* GoogleService-Info.plist in Resources */,
				FDA410291FE2953A005CDB8C /* Assets.xcassets in Resources */,
				FDA410271FE2953A005CDB8C /* Main.storyboard in Resources */,
			);
			runOnlyForDeploymentPostprocessing = 0;
		};
/* End PBXResourcesBuildPhase section */

/* Begin PBXShellScriptBuildPhase section */
		1198E07D595CD47F1C64A5DE /* [CP] Check Pods Manifest.lock */ = {
			isa = PBXShellScriptBuildPhase;
			buildActionMask = 2147483647;
			files = (
			);
			inputPaths = (
				"${PODS_PODFILE_DIR_PATH}/Podfile.lock",
				"${PODS_ROOT}/Manifest.lock",
			);
			name = "[CP] Check Pods Manifest.lock";
			outputPaths = (
				"$(DERIVED_FILE_DIR)/Pods-FireFeed-checkManifestLockResult.txt",
			);
			runOnlyForDeploymentPostprocessing = 0;
			shellPath = /bin/sh;
			shellScript = "diff \"${PODS_PODFILE_DIR_PATH}/Podfile.lock\" \"${PODS_ROOT}/Manifest.lock\" > /dev/null\nif [ $? != 0 ] ; then\n    # print error to STDERR\n    echo \"error: The sandbox is not in sync with the Podfile.lock. Run 'pod install' or update your CocoaPods installation.\" >&2\n    exit 1\nfi\n# This output is used by Xcode 'outputs' to avoid re-running this script phase.\necho \"SUCCESS\" > \"${SCRIPT_OUTPUT_FILE_0}\"\n";
			showEnvVarsInLog = 0;
		};
		74676CC1E04235C4607EE87B /* [CP] Copy Pods Resources */ = {
			isa = PBXShellScriptBuildPhase;
			buildActionMask = 2147483647;
			files = (
			);
			inputPaths = (
			);
			name = "[CP] Copy Pods Resources";
			outputPaths = (
			);
			runOnlyForDeploymentPostprocessing = 0;
			shellPath = /bin/sh;
			shellScript = "\"${SRCROOT}/Pods/Target Support Files/Pods-FireFeed/Pods-FireFeed-resources.sh\"\n";
			showEnvVarsInLog = 0;
		};
		B61D001EDFE4BDD204481F5C /* [CP] Embed Pods Frameworks */ = {
			isa = PBXShellScriptBuildPhase;
			buildActionMask = 2147483647;
			files = (
			);
			inputPaths = (
				"${SRCROOT}/Pods/Target Support Files/Pods-FireFeed/Pods-FireFeed-frameworks.sh",
				"${BUILT_PRODUCTS_DIR}/GoogleToolboxForMac/GoogleToolboxForMac.framework",
				"${BUILT_PRODUCTS_DIR}/nanopb/nanopb.framework",
			);
			name = "[CP] Embed Pods Frameworks";
			outputPaths = (
				"${TARGET_BUILD_DIR}/${FRAMEWORKS_FOLDER_PATH}/GoogleToolboxForMac.framework",
				"${TARGET_BUILD_DIR}/${FRAMEWORKS_FOLDER_PATH}/nanopb.framework",
			);
			runOnlyForDeploymentPostprocessing = 0;
			shellPath = /bin/sh;
			shellScript = "\"${SRCROOT}/Pods/Target Support Files/Pods-FireFeed/Pods-FireFeed-frameworks.sh\"\n";
			showEnvVarsInLog = 0;
		};
/* End PBXShellScriptBuildPhase section */

/* Begin PBXSourcesBuildPhase section */
		FDA4101A1FE2953A005CDB8C /* Sources */ = {
			isa = PBXSourcesBuildPhase;
			buildActionMask = 2147483647;
			files = (
				FDA410241FE2953A005CDB8C /* ViewController.swift in Sources */,
				FDA410221FE2953A005CDB8C /* AppDelegate.swift in Sources */,
			);
			runOnlyForDeploymentPostprocessing = 0;
		};
/* End PBXSourcesBuildPhase section */

/* Begin PBXVariantGroup section */
		FDA410251FE2953A005CDB8C /* Main.storyboard */ = {
			isa = PBXVariantGroup;
			children = (
				FDA410261FE2953A005CDB8C /* Base */,
			);
			name = Main.storyboard;
			sourceTree = "<group>";
		};
		FDA4102A1FE2953A005CDB8C /* LaunchScreen.storyboard */ = {
			isa = PBXVariantGroup;
			children = (
				FDA4102B1FE2953A005CDB8C /* Base */,
			);
			name = LaunchScreen.storyboard;
			sourceTree = "<group>";
		};
/* End PBXVariantGroup section */

/* Begin XCBuildConfiguration section */
		FDA4102E1FE2953A005CDB8C /* Debug */ = {
			isa = XCBuildConfiguration;
			buildSettings = {
				ALWAYS_SEARCH_USER_PATHS = NO;
				CLANG_ANALYZER_NONNULL = YES;
				CLANG_ANALYZER_NUMBER_OBJECT_CONVERSION = YES_AGGRESSIVE;
				CLANG_CXX_LANGUAGE_STANDARD = "gnu++14";
				CLANG_CXX_LIBRARY = "libc++";
				CLANG_ENABLE_MODULES = YES;
				CLANG_ENABLE_OBJC_ARC = YES;
				CLANG_WARN_BLOCK_CAPTURE_AUTORELEASING = YES;
				CLANG_WARN_BOOL_CONVERSION = YES;
				CLANG_WARN_COMMA = YES;
				CLANG_WARN_CONSTANT_CONVERSION = YES;
				CLANG_WARN_DIRECT_OBJC_ISA_USAGE = YES_ERROR;
				CLANG_WARN_DOCUMENTATION_COMMENTS = YES;
				CLANG_WARN_EMPTY_BODY = YES;
				CLANG_WARN_ENUM_CONVERSION = YES;
				CLANG_WARN_INFINITE_RECURSION = YES;
				CLANG_WARN_INT_CONVERSION = YES;
				CLANG_WARN_NON_LITERAL_NULL_CONVERSION = YES;
				CLANG_WARN_OBJC_LITERAL_CONVERSION = YES;
				CLANG_WARN_OBJC_ROOT_CLASS = YES_ERROR;
				CLANG_WARN_RANGE_LOOP_ANALYSIS = YES;
				CLANG_WARN_STRICT_PROTOTYPES = YES;
				CLANG_WARN_SUSPICIOUS_MOVE = YES;
				CLANG_WARN_UNGUARDED_AVAILABILITY = YES_AGGRESSIVE;
				CLANG_WARN_UNREACHABLE_CODE = YES;
				CLANG_WARN__DUPLICATE_METHOD_MATCH = YES;
				CODE_SIGN_IDENTITY = "iPhone Developer";
				COPY_PHASE_STRIP = NO;
				DEBUG_INFORMATION_FORMAT = dwarf;
				ENABLE_STRICT_OBJC_MSGSEND = YES;
				ENABLE_TESTABILITY = YES;
				GCC_C_LANGUAGE_STANDARD = gnu11;
				GCC_DYNAMIC_NO_PIC = NO;
				GCC_NO_COMMON_BLOCKS = YES;
				GCC_OPTIMIZATION_LEVEL = 0;
				GCC_PREPROCESSOR_DEFINITIONS = (
					"DEBUG=1",
					"$(inherited)",
				);
				GCC_WARN_64_TO_32_BIT_CONVERSION = YES;
				GCC_WARN_ABOUT_RETURN_TYPE = YES_ERROR;
				GCC_WARN_UNDECLARED_SELECTOR = YES;
				GCC_WARN_UNINITIALIZED_AUTOS = YES_AGGRESSIVE;
				GCC_WARN_UNUSED_FUNCTION = YES;
				GCC_WARN_UNUSED_VARIABLE = YES;
				IPHONEOS_DEPLOYMENT_TARGET = 11.1;
				MTL_ENABLE_DEBUG_INFO = YES;
				ONLY_ACTIVE_ARCH = YES;
				SDKROOT = iphoneos;
				SWIFT_ACTIVE_COMPILATION_CONDITIONS = DEBUG;
				SWIFT_OPTIMIZATION_LEVEL = "-Onone";
			};
			name = Debug;
		};
		FDA4102F1FE2953A005CDB8C /* Release */ = {
			isa = XCBuildConfiguration;
			buildSettings = {
				ALWAYS_SEARCH_USER_PATHS = NO;
				CLANG_ANALYZER_NONNULL = YES;
				CLANG_ANALYZER_NUMBER_OBJECT_CONVERSION = YES_AGGRESSIVE;
				CLANG_CXX_LANGUAGE_STANDARD = "gnu++14";
				CLANG_CXX_LIBRARY = "libc++";
				CLANG_ENABLE_MODULES = YES;
				CLANG_ENABLE_OBJC_ARC = YES;
				CLANG_WARN_BLOCK_CAPTURE_AUTORELEASING = YES;
				CLANG_WARN_BOOL_CONVERSION = YES;
				CLANG_WARN_COMMA = YES;
				CLANG_WARN_CONSTANT_CONVERSION = YES;
				CLANG_WARN_DIRECT_OBJC_ISA_USAGE = YES_ERROR;
				CLANG_WARN_DOCUMENTATION_COMMENTS = YES;
				CLANG_WARN_EMPTY_BODY = YES;
				CLANG_WARN_ENUM_CONVERSION = YES;
				CLANG_WARN_INFINITE_RECURSION = YES;
				CLANG_WARN_INT_CONVERSION = YES;
				CLANG_WARN_NON_LITERAL_NULL_CONVERSION = YES;
				CLANG_WARN_OBJC_LITERAL_CONVERSION = YES;
				CLANG_WARN_OBJC_ROOT_CLASS = YES_ERROR;
				CLANG_WARN_RANGE_LOOP_ANALYSIS = YES;
				CLANG_WARN_STRICT_PROTOTYPES = YES;
				CLANG_WARN_SUSPICIOUS_MOVE = YES;
				CLANG_WARN_UNGUARDED_AVAILABILITY = YES_AGGRESSIVE;
				CLANG_WARN_UNREACHABLE_CODE = YES;
				CLANG_WARN__DUPLICATE_METHOD_MATCH = YES;
				CODE_SIGN_IDENTITY = "iPhone Developer";
				COPY_PHASE_STRIP = NO;
				DEBUG_INFORMATION_FORMAT = "dwarf-with-dsym";
				ENABLE_NS_ASSERTIONS = NO;
				ENABLE_STRICT_OBJC_MSGSEND = YES;
				GCC_C_LANGUAGE_STANDARD = gnu11;
				GCC_NO_COMMON_BLOCKS = YES;
				GCC_WARN_64_TO_32_BIT_CONVERSION = YES;
				GCC_WARN_ABOUT_RETURN_TYPE = YES_ERROR;
				GCC_WARN_UNDECLARED_SELECTOR = YES;
				GCC_WARN_UNINITIALIZED_AUTOS = YES_AGGRESSIVE;
				GCC_WARN_UNUSED_FUNCTION = YES;
				GCC_WARN_UNUSED_VARIABLE = YES;
				IPHONEOS_DEPLOYMENT_TARGET = 11.1;
				MTL_ENABLE_DEBUG_INFO = NO;
				SDKROOT = iphoneos;
				SWIFT_OPTIMIZATION_LEVEL = "-Owholemodule";
				VALIDATE_PRODUCT = YES;
			};
			name = Release;
		};
		FDA410311FE2953A005CDB8C /* Debug */ = {
			isa = XCBuildConfiguration;
			baseConfigurationReference = BA1619240C14C71887800AED /* Pods-FireFeed.debug.xcconfig */;
			buildSettings = {
				ASSETCATALOG_COMPILER_APPICON_NAME = AppIcon;
				CODE_SIGN_STYLE = Automatic;
				DEVELOPMENT_TEAM = 4FTXXUD9JE;
				INFOPLIST_FILE = FireFeed/Info.plist;
				LD_RUNPATH_SEARCH_PATHS = "$(inherited) @executable_path/Frameworks";
				PRODUCT_BUNDLE_IDENTIFIER = swift.nui.FireFeed;
				PRODUCT_NAME = "$(TARGET_NAME)";
				SWIFT_VERSION = 4.0;
				TARGETED_DEVICE_FAMILY = "1,2";
			};
			name = Debug;
		};
		FDA410321FE2953A005CDB8C /* Release */ = {
			isa = XCBuildConfiguration;
			baseConfigurationReference = 36AE5BB0D089C971E06D6194 /* Pods-FireFeed.release.xcconfig */;
			buildSettings = {
				ASSETCATALOG_COMPILER_APPICON_NAME = AppIcon;
				CODE_SIGN_STYLE = Automatic;
				DEVELOPMENT_TEAM = 4FTXXUD9JE;
				INFOPLIST_FILE = FireFeed/Info.plist;
				LD_RUNPATH_SEARCH_PATHS = "$(inherited) @executable_path/Frameworks";
				PRODUCT_BUNDLE_IDENTIFIER = swift.nui.FireFeed;
				PRODUCT_NAME = "$(TARGET_NAME)";
				SWIFT_VERSION = 4.0;
				TARGETED_DEVICE_FAMILY = "1,2";
			};
			name = Release;
		};
/* End XCBuildConfiguration section */

/* Begin XCConfigurationList section */
		FDA410191FE2953A005CDB8C /* Build configuration list for PBXProject "FireFeed" */ = {
			isa = XCConfigurationList;
			buildConfigurations = (
				FDA4102E1FE2953A005CDB8C /* Debug */,
				FDA4102F1FE2953A005CDB8C /* Release */,
			);
			defaultConfigurationIsVisible = 0;
			defaultConfigurationName = Release;
		};
		FDA410301FE2953A005CDB8C /* Build configuration list for PBXNativeTarget "FireFeed" */ = {
			isa = XCConfigurationList;
			buildConfigurations = (
				FDA410311FE2953A005CDB8C /* Debug */,
				FDA410321FE2953A005CDB8C /* Release */,
			);
			defaultConfigurationIsVisible = 0;
			defaultConfigurationName = Release;
		};
/* End XCConfigurationList section */
	};
	rootObject = FDA410161FE2953A005CDB8C /* Project object */;
}
